# This file is automatically @generated by Poetry 1.8.1 and should not be changed by hand.

[[package]]
name = "pymodbus"
version = "3.6.8"
description = "A fully featured modbus protocol stack in python"
optional = false
python-versions = ">=3.8.0"
files = [
    {file = "pymodbus-3.6.8-py3-none-any.whl", hash = "sha256:8d55d1eaa8b7216d5da7492f5b610e8154d5d3bf6f4a5b3080319fd2c33b59b9"},
    {file = "pymodbus-3.6.8.tar.gz", hash = "sha256:abb214716b56fc62bc0d5d9d964e2249439341746287e918d175f0e3ee241407"},
]

[package.extras]
all = ["pymodbus[development,documentation,repl,serial,simulator]"]
development = ["build (>=1.1.1)", "codespell (>=2.2.6)", "coverage (>=7.4.3)", "mypy (>=1.9.0)", "pylint (>=3.1.0)", "pytest (>=8.1.0)", "pytest-asyncio (>=0.23.5.post1)", "pytest-cov (>=4.1.0)", "pytest-profiling (>=1.7.0)", "pytest-timeout (>=2.3.1)", "pytest-xdist (>=3.5.0)", "ruff (>=0.3.3)", "twine (>=5.0.0)", "types-Pygments", "types-pyserial"]
documentation = ["Sphinx (>=5.3.0)", "recommonmark (>=0.7.1)", "sphinx-rtd-theme (>=1.1.1)"]
repl = ["pymodbus-repl (>=2.0.3)"]
serial = ["pyserial (>=3.5)"]
simulator = ["aiohttp (>=3.8.6)", "aiohttp (>=3.9.0b0)"]

[metadata]
lock-version = "2.0"
python-versions = "^3.11"
content-hash = "1055630fa64def0b4b175ee34e7b06aeb198542baec0427506eed5fc082d060b"
